// !$*UTF8*$!
{
	archiveVersion = 1;
	classes = {
	};
	objectVersion = 56;
	objects = {

/* Begin PBXBuildFile section */
		0F3F773853CB57FACBBBF7B2 /* Pods_HalaanTaskTests.framework in Frameworks */ = {isa = PBXBuildFile; fileRef = AFE16DE186A9CFB9C9C67615 /* Pods_HalaanTaskTests.framework */; };
		D9BAF9D528FEBA7B00FBF798 /* AppDelegate.swift in Sources */ = {isa = PBXBuildFile; fileRef = D9BAF9D428FEBA7B00FBF798 /* AppDelegate.swift */; };
		D9BAF9D728FEBA7B00FBF798 /* SceneDelegate.swift in Sources */ = {isa = PBXBuildFile; fileRef = D9BAF9D628FEBA7B00FBF798 /* SceneDelegate.swift */; };
		D9BAF9D928FEBA7B00FBF798 /* ViewController.swift in Sources */ = {isa = PBXBuildFile; fileRef = D9BAF9D828FEBA7B00FBF798 /* ViewController.swift */; };
		D9BAF9DC28FEBA7B00FBF798 /* Main.storyboard in Resources */ = {isa = PBXBuildFile; fileRef = D9BAF9DA28FEBA7B00FBF798 /* Main.storyboard */; };
		D9BAF9DE28FEBA7D00FBF798 /* Assets.xcassets in Resources */ = {isa = PBXBuildFile; fileRef = D9BAF9DD28FEBA7D00FBF798 /* Assets.xcassets */; };
		D9BAF9E128FEBA7D00FBF798 /* LaunchScreen.storyboard in Resources */ = {isa = PBXBuildFile; fileRef = D9BAF9DF28FEBA7D00FBF798 /* LaunchScreen.storyboard */; };
		D9BAF9EC28FEBA7D00FBF798 /* HalaanTaskTests.swift in Sources */ = {isa = PBXBuildFile; fileRef = D9BAF9EB28FEBA7D00FBF798 /* HalaanTaskTests.swift */; };
		D9BAF9F628FEBA7D00FBF798 /* HalaanTaskUITests.swift in Sources */ = {isa = PBXBuildFile; fileRef = D9BAF9F528FEBA7D00FBF798 /* HalaanTaskUITests.swift */; };
		D9BAF9F828FEBA7D00FBF798 /* HalaanTaskUITestsLaunchTests.swift in Sources */ = {isa = PBXBuildFile; fileRef = D9BAF9F728FEBA7D00FBF798 /* HalaanTaskUITestsLaunchTests.swift */; };
		E2D1434061BAFC5EF24BEE44 /* Pods_HalaanTask.framework in Frameworks */ = {isa = PBXBuildFile; fileRef = D64B74F9D7B7A9DA80A0B101 /* Pods_HalaanTask.framework */; };
		FB91C94AB28A5E40922E2039 /* Pods_HalaanTask_HalaanTaskUITests.framework in Frameworks */ = {isa = PBXBuildFile; fileRef = 8C8ABD561528B0929E005CD5 /* Pods_HalaanTask_HalaanTaskUITests.framework */; };
/* End PBXBuildFile section */

/* Begin PBXContainerItemProxy section */
		D9BAF9E828FEBA7D00FBF798 /* PBXContainerItemProxy */ = {
			isa = PBXContainerItemProxy;
			containerPortal = D9BAF9C928FEBA7B00FBF798 /* Project object */;
			proxyType = 1;
			remoteGlobalIDString = D9BAF9D028FEBA7B00FBF798;
			remoteInfo = HalaanTask;
		};
		D9BAF9F228FEBA7D00FBF798 /* PBXContainerItemProxy */ = {
			isa = PBXContainerItemProxy;
			containerPortal = D9BAF9C928FEBA7B00FBF798 /* Project object */;
			proxyType = 1;
			remoteGlobalIDString = D9BAF9D028FEBA7B00FBF798;
			remoteInfo = HalaanTask;
		};
/* End PBXContainerItemProxy section */

/* Begin PBXFileReference section */
		3346F4CDB63E8859FB429339 /* Pods-HalaanTask-HalaanTaskUITests.release.xcconfig */ = {isa = PBXFileReference; includeInIndex = 1; lastKnownFileType = text.xcconfig; name = "Pods-HalaanTask-HalaanTaskUITests.release.xcconfig"; path = "Target Support Files/Pods-HalaanTask-HalaanTaskUITests/Pods-HalaanTask-HalaanTaskUITests.release.xcconfig"; sourceTree = "<group>"; };
		5EE21D3195E72ED2ADBD92E1 /* Pods-HalaanTaskTests.debug.xcconfig */ = {isa = PBXFileReference; includeInIndex = 1; lastKnownFileType = text.xcconfig; name = "Pods-HalaanTaskTests.debug.xcconfig"; path = "Target Support Files/Pods-HalaanTaskTests/Pods-HalaanTaskTests.debug.xcconfig"; sourceTree = "<group>"; };
		88883D5EDE48D2CEE0F10320 /* Pods-HalaanTask.debug.xcconfig */ = {isa = PBXFileReference; includeInIndex = 1; lastKnownFileType = text.xcconfig; name = "Pods-HalaanTask.debug.xcconfig"; path = "Target Support Files/Pods-HalaanTask/Pods-HalaanTask.debug.xcconfig"; sourceTree = "<group>"; };
		8C8ABD561528B0929E005CD5 /* Pods_HalaanTask_HalaanTaskUITests.framework */ = {isa = PBXFileReference; explicitFileType = wrapper.framework; includeInIndex = 0; path = Pods_HalaanTask_HalaanTaskUITests.framework; sourceTree = BUILT_PRODUCTS_DIR; };
		99ABA78200E3E105E655981B /* Pods-HalaanTaskTests.release.xcconfig */ = {isa = PBXFileReference; includeInIndex = 1; lastKnownFileType = text.xcconfig; name = "Pods-HalaanTaskTests.release.xcconfig"; path = "Target Support Files/Pods-HalaanTaskTests/Pods-HalaanTaskTests.release.xcconfig"; sourceTree = "<group>"; };
		AFE16DE186A9CFB9C9C67615 /* Pods_HalaanTaskTests.framework */ = {isa = PBXFileReference; explicitFileType = wrapper.framework; includeInIndex = 0; path = Pods_HalaanTaskTests.framework; sourceTree = BUILT_PRODUCTS_DIR; };
		B7A358FC4421A6EB337E1664 /* Pods-HalaanTask-HalaanTaskUITests.debug.xcconfig */ = {isa = PBXFileReference; includeInIndex = 1; lastKnownFileType = text.xcconfig; name = "Pods-HalaanTask-HalaanTaskUITests.debug.xcconfig"; path = "Target Support Files/Pods-HalaanTask-HalaanTaskUITests/Pods-HalaanTask-HalaanTaskUITests.debug.xcconfig"; sourceTree = "<group>"; };
		D64B74F9D7B7A9DA80A0B101 /* Pods_HalaanTask.framework */ = {isa = PBXFileReference; explicitFileType = wrapper.framework; includeInIndex = 0; path = Pods_HalaanTask.framework; sourceTree = BUILT_PRODUCTS_DIR; };
		D9BAF9D128FEBA7B00FBF798 /* HalaanTask.app */ = {isa = PBXFileReference; explicitFileType = wrapper.application; includeInIndex = 0; path = HalaanTask.app; sourceTree = BUILT_PRODUCTS_DIR; };
		D9BAF9D428FEBA7B00FBF798 /* AppDelegate.swift */ = {isa = PBXFileReference; lastKnownFileType = sourcecode.swift; path = AppDelegate.swift; sourceTree = "<group>"; };
		D9BAF9D628FEBA7B00FBF798 /* SceneDelegate.swift */ = {isa = PBXFileReference; lastKnownFileType = sourcecode.swift; path = SceneDelegate.swift; sourceTree = "<group>"; };
		D9BAF9D828FEBA7B00FBF798 /* ViewController.swift */ = {isa = PBXFileReference; lastKnownFileType = sourcecode.swift; path = ViewController.swift; sourceTree = "<group>"; };
		D9BAF9DB28FEBA7B00FBF798 /* Base */ = {isa = PBXFileReference; lastKnownFileType = file.storyboard; name = Base; path = Base.lproj/Main.storyboard; sourceTree = "<group>"; };
		D9BAF9DD28FEBA7D00FBF798 /* Assets.xcassets */ = {isa = PBXFileReference; lastKnownFileType = folder.assetcatalog; path = Assets.xcassets; sourceTree = "<group>"; };
		D9BAF9E028FEBA7D00FBF798 /* Base */ = {isa = PBXFileReference; lastKnownFileType = file.storyboard; name = Base; path = Base.lproj/LaunchScreen.storyboard; sourceTree = "<group>"; };
		D9BAF9E228FEBA7D00FBF798 /* Info.plist */ = {isa = PBXFileReference; lastKnownFileType = text.plist.xml; path = Info.plist; sourceTree = "<group>"; };
		D9BAF9E728FEBA7D00FBF798 /* HalaanTaskTests.xctest */ = {isa = PBXFileReference; explicitFileType = wrapper.cfbundle; includeInIndex = 0; path = HalaanTaskTests.xctest; sourceTree = BUILT_PRODUCTS_DIR; };
		D9BAF9EB28FEBA7D00FBF798 /* HalaanTaskTests.swift */ = {isa = PBXFileReference; lastKnownFileType = sourcecode.swift; path = HalaanTaskTests.swift; sourceTree = "<group>"; };
		D9BAF9F128FEBA7D00FBF798 /* HalaanTaskUITests.xctest */ = {isa = PBXFileReference; explicitFileType = wrapper.cfbundle; includeInIndex = 0; path = HalaanTaskUITests.xctest; sourceTree = BUILT_PRODUCTS_DIR; };
		D9BAF9F528FEBA7D00FBF798 /* HalaanTaskUITests.swift */ = {isa = PBXFileReference; lastKnownFileType = sourcecode.swift; path = HalaanTaskUITests.swift; sourceTree = "<group>"; };
		D9BAF9F728FEBA7D00FBF798 /* HalaanTaskUITestsLaunchTests.swift */ = {isa = PBXFileReference; lastKnownFileType = sourcecode.swift; path = HalaanTaskUITestsLaunchTests.swift; sourceTree = "<group>"; };
		EAC5F1717439463459D735CD /* Pods-HalaanTask.release.xcconfig */ = {isa = PBXFileReference; includeInIndex = 1; lastKnownFileType = text.xcconfig; name = "Pods-HalaanTask.release.xcconfig"; path = "Target Support Files/Pods-HalaanTask/Pods-HalaanTask.release.xcconfig"; sourceTree = "<group>"; };
/* End PBXFileReference section */

/* Begin PBXFrameworksBuildPhase section */
		D9BAF9CE28FEBA7B00FBF798 /* Frameworks */ = {
			isa = PBXFrameworksBuildPhase;
			buildActionMask = 2147483647;
			files = (
				E2D1434061BAFC5EF24BEE44 /* Pods_HalaanTask.framework in Frameworks */,
			);
			runOnlyForDeploymentPostprocessing = 0;
		};
		D9BAF9E428FEBA7D00FBF798 /* Frameworks */ = {
			isa = PBXFrameworksBuildPhase;
			buildActionMask = 2147483647;
			files = (
				0F3F773853CB57FACBBBF7B2 /* Pods_HalaanTaskTests.framework in Frameworks */,
			);
			runOnlyForDeploymentPostprocessing = 0;
		};
		D9BAF9EE28FEBA7D00FBF798 /* Frameworks */ = {
			isa = PBXFrameworksBuildPhase;
			buildActionMask = 2147483647;
			files = (
				FB91C94AB28A5E40922E2039 /* Pods_HalaanTask_HalaanTaskUITests.framework in Frameworks */,
			);
			runOnlyForDeploymentPostprocessing = 0;
		};
/* End PBXFrameworksBuildPhase section */

/* Begin PBXGroup section */
		D0F1AC7D5AC79B56E80BEB1A /* Frameworks */ = {
			isa = PBXGroup;
			children = (
				D64B74F9D7B7A9DA80A0B101 /* Pods_HalaanTask.framework */,
				8C8ABD561528B0929E005CD5 /* Pods_HalaanTask_HalaanTaskUITests.framework */,
				AFE16DE186A9CFB9C9C67615 /* Pods_HalaanTaskTests.framework */,
			);
			name = Frameworks;
			sourceTree = "<group>";
		};
		D9BAF9C828FEBA7B00FBF798 = {
			isa = PBXGroup;
			children = (
				D9BAF9D328FEBA7B00FBF798 /* HalaanTask */,
				D9BAF9EA28FEBA7D00FBF798 /* HalaanTaskTests */,
				D9BAF9F428FEBA7D00FBF798 /* HalaanTaskUITests */,
				D9BAF9D228FEBA7B00FBF798 /* Products */,
				E87824C95A79EA3394F4B549 /* Pods */,
				D0F1AC7D5AC79B56E80BEB1A /* Frameworks */,
			);
			sourceTree = "<group>";
		};
		D9BAF9D228FEBA7B00FBF798 /* Products */ = {
			isa = PBXGroup;
			children = (
				D9BAF9D128FEBA7B00FBF798 /* HalaanTask.app */,
				D9BAF9E728FEBA7D00FBF798 /* HalaanTaskTests.xctest */,
				D9BAF9F128FEBA7D00FBF798 /* HalaanTaskUITests.xctest */,
			);
			name = Products;
			sourceTree = "<group>";
		};
		D9BAF9D328FEBA7B00FBF798 /* HalaanTask */ = {
			isa = PBXGroup;
			children = (
				D9BAF9D428FEBA7B00FBF798 /* AppDelegate.swift */,
				D9BAF9D628FEBA7B00FBF798 /* SceneDelegate.swift */,
				D9BAF9D828FEBA7B00FBF798 /* ViewController.swift */,
				D9BAF9DA28FEBA7B00FBF798 /* Main.storyboard */,
				D9BAF9DD28FEBA7D00FBF798 /* Assets.xcassets */,
				D9BAF9DF28FEBA7D00FBF798 /* LaunchScreen.storyboard */,
				D9BAF9E228FEBA7D00FBF798 /* Info.plist */,
			);
			path = HalaanTask;
			sourceTree = "<group>";
		};
		D9BAF9EA28FEBA7D00FBF798 /* HalaanTaskTests */ = {
			isa = PBXGroup;
			children = (
				D9BAF9EB28FEBA7D00FBF798 /* HalaanTaskTests.swift */,
			);
			path = HalaanTaskTests;
			sourceTree = "<group>";
		};
		D9BAF9F428FEBA7D00FBF798 /* HalaanTaskUITests */ = {
			isa = PBXGroup;
			children = (
				D9BAF9F528FEBA7D00FBF798 /* HalaanTaskUITests.swift */,
				D9BAF9F728FEBA7D00FBF798 /* HalaanTaskUITestsLaunchTests.swift */,
			);
			path = HalaanTaskUITests;
			sourceTree = "<group>";
		};
		E87824C95A79EA3394F4B549 /* Pods */ = {
			isa = PBXGroup;
			children = (
				88883D5EDE48D2CEE0F10320 /* Pods-HalaanTask.debug.xcconfig */,
				EAC5F1717439463459D735CD /* Pods-HalaanTask.release.xcconfig */,
				B7A358FC4421A6EB337E1664 /* Pods-HalaanTask-HalaanTaskUITests.debug.xcconfig */,
				3346F4CDB63E8859FB429339 /* Pods-HalaanTask-HalaanTaskUITests.release.xcconfig */,
				5EE21D3195E72ED2ADBD92E1 /* Pods-HalaanTaskTests.debug.xcconfig */,
				99ABA78200E3E105E655981B /* Pods-HalaanTaskTests.release.xcconfig */,
			);
			name = Pods;
			path = Pods;
			sourceTree = "<group>";
		};
/* End PBXGroup section */

/* Begin PBXNativeTarget section */
		D9BAF9D028FEBA7B00FBF798 /* HalaanTask */ = {
			isa = PBXNativeTarget;
			buildConfigurationList = D9BAF9FB28FEBA7D00FBF798 /* Build configuration list for PBXNativeTarget "HalaanTask" */;
			buildPhases = (
				03E4C14E001F0C226A1FDDDE /* [CP] Check Pods Manifest.lock */,
				D9BAF9CD28FEBA7B00FBF798 /* Sources */,
				D9BAF9CE28FEBA7B00FBF798 /* Frameworks */,
				D9BAF9CF28FEBA7B00FBF798 /* Resources */,
			);
			buildRules = (
			);
			dependencies = (
			);
			name = HalaanTask;
			productName = HalaanTask;
			productReference = D9BAF9D128FEBA7B00FBF798 /* HalaanTask.app */;
			productType = "com.apple.product-type.application";
		};
		D9BAF9E628FEBA7D00FBF798 /* HalaanTaskTests */ = {
			isa = PBXNativeTarget;
			buildConfigurationList = D9BAF9FE28FEBA7D00FBF798 /* Build configuration list for PBXNativeTarget "HalaanTaskTests" */;
			buildPhases = (
				C51CD5BD2B556F7D19DA5B46 /* [CP] Check Pods Manifest.lock */,
				D9BAF9E328FEBA7D00FBF798 /* Sources */,
				D9BAF9E428FEBA7D00FBF798 /* Frameworks */,
				D9BAF9E528FEBA7D00FBF798 /* Resources */,
			);
			buildRules = (
			);
			dependencies = (
				D9BAF9E928FEBA7D00FBF798 /* PBXTargetDependency */,
			);
			name = HalaanTaskTests;
			productName = HalaanTaskTests;
			productReference = D9BAF9E728FEBA7D00FBF798 /* HalaanTaskTests.xctest */;
			productType = "com.apple.product-type.bundle.unit-test";
		};
		D9BAF9F028FEBA7D00FBF798 /* HalaanTaskUITests */ = {
			isa = PBXNativeTarget;
			buildConfigurationList = D9BAFA0128FEBA7D00FBF798 /* Build configuration list for PBXNativeTarget "HalaanTaskUITests" */;
			buildPhases = (
				2269FFC85C243BDA15A62098 /* [CP] Check Pods Manifest.lock */,
				D9BAF9ED28FEBA7D00FBF798 /* Sources */,
				D9BAF9EE28FEBA7D00FBF798 /* Frameworks */,
				D9BAF9EF28FEBA7D00FBF798 /* Resources */,
			);
			buildRules = (
			);
			dependencies = (
				D9BAF9F328FEBA7D00FBF798 /* PBXTargetDependency */,
			);
			name = HalaanTaskUITests;
			productName = HalaanTaskUITests;
			productReference = D9BAF9F128FEBA7D00FBF798 /* HalaanTaskUITests.xctest */;
			productType = "com.apple.product-type.bundle.ui-testing";
		};
/* End PBXNativeTarget section */

/* Begin PBXProject section */
		D9BAF9C928FEBA7B00FBF798 /* Project object */ = {
			isa = PBXProject;
			attributes = {
				BuildIndependentTargetsInParallel = 1;
				LastSwiftUpdateCheck = 1400;
				LastUpgradeCheck = 1400;
				TargetAttributes = {
					D9BAF9D028FEBA7B00FBF798 = {
						CreatedOnToolsVersion = 14.0.1;
					};
					D9BAF9E628FEBA7D00FBF798 = {
						CreatedOnToolsVersion = 14.0.1;
						TestTargetID = D9BAF9D028FEBA7B00FBF798;
					};
					D9BAF9F028FEBA7D00FBF798 = {
						CreatedOnToolsVersion = 14.0.1;
						TestTargetID = D9BAF9D028FEBA7B00FBF798;
					};
				};
			};
			buildConfigurationList = D9BAF9CC28FEBA7B00FBF798 /* Build configuration list for PBXProject "HalaanTask" */;
			compatibilityVersion = "Xcode 14.0";
			developmentRegion = en;
			hasScannedForEncodings = 0;
			knownRegions = (
				en,
				Base,
			);
			mainGroup = D9BAF9C828FEBA7B00FBF798;
			productRefGroup = D9BAF9D228FEBA7B00FBF798 /* Products */;
			projectDirPath = "";
			projectRoot = "";
			targets = (
				D9BAF9D028FEBA7B00FBF798 /* HalaanTask */,
				D9BAF9E628FEBA7D00FBF798 /* HalaanTaskTests */,
				D9BAF9F028FEBA7D00FBF798 /* HalaanTaskUITests */,
			);
		};
/* End PBXProject section */

/* Begin PBXResourcesBuildPhase section */
		D9BAF9CF28FEBA7B00FBF798 /* Resources */ = {
			isa = PBXResourcesBuildPhase;
			buildActionMask = 2147483647;
			files = (
				D9BAF9E128FEBA7D00FBF798 /* LaunchScreen.storyboard in Resources */,
				D9BAF9DE28FEBA7D00FBF798 /* Assets.xcassets in Resources */,
				D9BAF9DC28FEBA7B00FBF798 /* Main.storyboard in Resources */,
			);
			runOnlyForDeploymentPostprocessing = 0;
		};
		D9BAF9E528FEBA7D00FBF798 /* Resources */ = {
			isa = PBXResourcesBuildPhase;
			buildActionMask = 2147483647;
			files = (
			);
			runOnlyForDeploymentPostprocessing = 0;
		};
		D9BAF9EF28FEBA7D00FBF798 /* Resources */ = {
			isa = PBXResourcesBuildPhase;
			buildActionMask = 2147483647;
			files = (
			);
			runOnlyForDeploymentPostprocessing = 0;
		};
/* End PBXResourcesBuildPhase section */

/* Begin PBXShellScriptBuildPhase section */
		03E4C14E001F0C226A1FDDDE /* [CP] Check Pods Manifest.lock */ = {
			isa = PBXShellScriptBuildPhase;
			buildActionMask = 2147483647;
			files = (
			);
			inputFileListPaths = (
			);
			inputPaths = (
				"${PODS_PODFILE_DIR_PATH}/Podfile.lock",
				"${PODS_ROOT}/Manifest.lock",
			);
			name = "[CP] Check Pods Manifest.lock";
			outputFileListPaths = (
			);
			outputPaths = (
				"$(DERIVED_FILE_DIR)/Pods-HalaanTask-checkManifestLockResult.txt",
			);
			runOnlyForDeploymentPostprocessing = 0;
			shellPath = /bin/sh;
			shellScript = "diff \"${PODS_PODFILE_DIR_PATH}/Podfile.lock\" \"${PODS_ROOT}/Manifest.lock\" > /dev/null\nif [ $? != 0 ] ; then\n    # print error to STDERR\n    echo \"error: The sandbox is not in sync with the Podfile.lock. Run 'pod install' or update your CocoaPods installation.\" >&2\n    exit 1\nfi\n# This output is used by Xcode 'outputs' to avoid re-running this script phase.\necho \"SUCCESS\" > \"${SCRIPT_OUTPUT_FILE_0}\"\n";
			showEnvVarsInLog = 0;
		};
		2269FFC85C243BDA15A62098 /* [CP] Check Pods Manifest.lock */ = {
			isa = PBXShellScriptBuildPhase;
			buildActionMask = 2147483647;
			files = (
			);
			inputFileListPaths = (
			);
			inputPaths = (
				"${PODS_PODFILE_DIR_PATH}/Podfile.lock",
				"${PODS_ROOT}/Manifest.lock",
			);
			name = "[CP] Check Pods Manifest.lock";
			outputFileListPaths = (
			);
			outputPaths = (
				"$(DERIVED_FILE_DIR)/Pods-HalaanTask-HalaanTaskUITests-checkManifestLockResult.txt",
			);
			runOnlyForDeploymentPostprocessing = 0;
			shellPath = /bin/sh;
			shellScript = "diff \"${PODS_PODFILE_DIR_PATH}/Podfile.lock\" \"${PODS_ROOT}/Manifest.lock\" > /dev/null\nif [ $? != 0 ] ; then\n    # print error to STDERR\n    echo \"error: The sandbox is not in sync with the Podfile.lock. Run 'pod install' or update your CocoaPods installation.\" >&2\n    exit 1\nfi\n# This output is used by Xcode 'outputs' to avoid re-running this script phase.\necho \"SUCCESS\" > \"${SCRIPT_OUTPUT_FILE_0}\"\n";
			showEnvVarsInLog = 0;
		};
		C51CD5BD2B556F7D19DA5B46 /* [CP] Check Pods Manifest.lock */ = {
			isa = PBXShellScriptBuildPhase;
			buildActionMask = 2147483647;
			files = (
			);
			inputFileListPaths = (
			);
			inputPaths = (
				"${PODS_PODFILE_DIR_PATH}/Podfile.lock",
				"${PODS_ROOT}/Manifest.lock",
			);
			name = "[CP] Check Pods Manifest.lock";
			outputFileListPaths = (
			);
			outputPaths = (
				"$(DERIVED_FILE_DIR)/Pods-HalaanTaskTests-checkManifestLockResult.txt",
			);
			runOnlyForDeploymentPostprocessing = 0;
			shellPath = /bin/sh;
			shellScript = "diff \"${PODS_PODFILE_DIR_PATH}/Podfile.lock\" \"${PODS_ROOT}/Manifest.lock\" > /dev/null\nif [ $? != 0 ] ; then\n    # print error to STDERR\n    echo \"error: The sandbox is not in sync with the Podfile.lock. Run 'pod install' or update your CocoaPods installation.\" >&2\n    exit 1\nfi\n# This output is used by Xcode 'outputs' to avoid re-running this script phase.\necho \"SUCCESS\" > \"${SCRIPT_OUTPUT_FILE_0}\"\n";
			showEnvVarsInLog = 0;
		};
/* End PBXShellScriptBuildPhase section */

/* Begin PBXSourcesBuildPhase section */
		D9BAF9CD28FEBA7B00FBF798 /* Sources */ = {
			isa = PBXSourcesBuildPhase;
			buildActionMask = 2147483647;
			files = (
				D9BAF9D928FEBA7B00FBF798 /* ViewController.swift in Sources */,
				D9BAF9D528FEBA7B00FBF798 /* AppDelegate.swift in Sources */,
				D9BAF9D728FEBA7B00FBF798 /* SceneDelegate.swift in Sources */,
			);
			runOnlyForDeploymentPostprocessing = 0;
		};
		D9BAF9E328FEBA7D00FBF798 /* Sources */ = {
			isa = PBXSourcesBuildPhase;
			buildActionMask = 2147483647;
			files = (
				D9BAF9EC28FEBA7D00FBF798 /* HalaanTaskTests.swift in Sources */,
			);
			runOnlyForDeploymentPostprocessing = 0;
		};
		D9BAF9ED28FEBA7D00FBF798 /* Sources */ = {
			isa = PBXSourcesBuildPhase;
			buildActionMask = 2147483647;
			files = (
				D9BAF9F828FEBA7D00FBF798 /* HalaanTaskUITestsLaunchTests.swift in Sources */,
				D9BAF9F628FEBA7D00FBF798 /* HalaanTaskUITests.swift in Sources */,
			);
			runOnlyForDeploymentPostprocessing = 0;
		};
/* End PBXSourcesBuildPhase section */

/* Begin PBXTargetDependency section */
		D9BAF9E928FEBA7D00FBF798 /* PBXTargetDependency */ = {
			isa = PBXTargetDependency;
			target = D9BAF9D028FEBA7B00FBF798 /* HalaanTask */;
			targetProxy = D9BAF9E828FEBA7D00FBF798 /* PBXContainerItemProxy */;
		};
		D9BAF9F328FEBA7D00FBF798 /* PBXTargetDependency */ = {
			isa = PBXTargetDependency;
			target = D9BAF9D028FEBA7B00FBF798 /* HalaanTask */;
			targetProxy = D9BAF9F228FEBA7D00FBF798 /* PBXContainerItemProxy */;
		};
/* End PBXTargetDependency section */

/* Begin PBXVariantGroup section */
		D9BAF9DA28FEBA7B00FBF798 /* Main.storyboard */ = {
			isa = PBXVariantGroup;
			children = (
				D9BAF9DB28FEBA7B00FBF798 /* Base */,
			);
			name = Main.storyboard;
			sourceTree = "<group>";
		};
		D9BAF9DF28FEBA7D00FBF798 /* LaunchScreen.storyboard */ = {
			isa = PBXVariantGroup;
			children = (
				D9BAF9E028FEBA7D00FBF798 /* Base */,
			);
			name = LaunchScreen.storyboard;
			sourceTree = "<group>";
		};
/* End PBXVariantGroup section */

/* Begin XCBuildConfiguration section */
		D9BAF9F928FEBA7D00FBF798 /* Debug */ = {
			isa = XCBuildConfiguration;
			buildSettings = {
				ALWAYS_SEARCH_USER_PATHS = NO;
				CLANG_ANALYZER_NONNULL = YES;
				CLANG_ANALYZER_NUMBER_OBJECT_CONVERSION = YES_AGGRESSIVE;
				CLANG_CXX_LANGUAGE_STANDARD = "gnu++20";
				CLANG_ENABLE_MODULES = YES;
				CLANG_ENABLE_OBJC_ARC = YES;
				CLANG_ENABLE_OBJC_WEAK = YES;
				CLANG_WARN_BLOCK_CAPTURE_AUTORELEASING = YES;
				CLANG_WARN_BOOL_CONVERSION = YES;
				CLANG_WARN_COMMA = YES;
				CLANG_WARN_CONSTANT_CONVERSION = YES;
				CLANG_WARN_DEPRECATED_OBJC_IMPLEMENTATIONS = YES;
				CLANG_WARN_DIRECT_OBJC_ISA_USAGE = YES_ERROR;
				CLANG_WARN_DOCUMENTATION_COMMENTS = YES;
				CLANG_WARN_EMPTY_BODY = YES;
				CLANG_WARN_ENUM_CONVERSION = YES;
				CLANG_WARN_INFINITE_RECURSION = YES;
				CLANG_WARN_INT_CONVERSION = YES;
				CLANG_WARN_NON_LITERAL_NULL_CONVERSION = YES;
				CLANG_WARN_OBJC_IMPLICIT_RETAIN_SELF = YES;
				CLANG_WARN_OBJC_LITERAL_CONVERSION = YES;
				CLANG_WARN_OBJC_ROOT_CLASS = YES_ERROR;
				CLANG_WARN_QUOTED_INCLUDE_IN_FRAMEWORK_HEADER = YES;
				CLANG_WARN_RANGE_LOOP_ANALYSIS = YES;
				CLANG_WARN_STRICT_PROTOTYPES = YES;
				CLANG_WARN_SUSPICIOUS_MOVE = YES;
				CLANG_WARN_UNGUARDED_AVAILABILITY = YES_AGGRESSIVE;
				CLANG_WARN_UNREACHABLE_CODE = YES;
				CLANG_WARN__DUPLICATE_METHOD_MATCH = YES;
				COPY_PHASE_STRIP = NO;
				DEBUG_INFORMATION_FORMAT = dwarf;
				ENABLE_STRICT_OBJC_MSGSEND = YES;
				ENABLE_TESTABILITY = YES;
				GCC_C_LANGUAGE_STANDARD = gnu11;
				GCC_DYNAMIC_NO_PIC = NO;
				GCC_NO_COMMON_BLOCKS = YES;
				GCC_OPTIMIZATION_LEVEL = 0;
				GCC_PREPROCESSOR_DEFINITIONS = (
					"DEBUG=1",
					"$(inherited)",
				);
				GCC_WARN_64_TO_32_BIT_CONVERSION = YES;
				GCC_WARN_ABOUT_RETURN_TYPE = YES_ERROR;
				GCC_WARN_UNDECLARED_SELECTOR = YES;
				GCC_WARN_UNINITIALIZED_AUTOS = YES_AGGRESSIVE;
				GCC_WARN_UNUSED_FUNCTION = YES;
				GCC_WARN_UNUSED_VARIABLE = YES;
				IPHONEOS_DEPLOYMENT_TARGET = 16.0;
				MTL_ENABLE_DEBUG_INFO = INCLUDE_SOURCE;
				MTL_FAST_MATH = YES;
				ONLY_ACTIVE_ARCH = YES;
				SDKROOT = iphoneos;
				SWIFT_ACTIVE_COMPILATION_CONDITIONS = DEBUG;
				SWIFT_OPTIMIZATION_LEVEL = "-Onone";
			};
			name = Debug;
		};
		D9BAF9FA28FEBA7D00FBF798 /* Release */ = {
			isa = XCBuildConfiguration;
			buildSettings = {
				ALWAYS_SEARCH_USER_PATHS = NO;
				CLANG_ANALYZER_NONNULL = YES;
				CLANG_ANALYZER_NUMBER_OBJECT_CONVERSION = YES_AGGRESSIVE;
				CLANG_CXX_LANGUAGE_STANDARD = "gnu++20";
				CLANG_ENABLE_MODULES = YES;
				CLANG_ENABLE_OBJC_ARC = YES;
				CLANG_ENABLE_OBJC_WEAK = YES;
				CLANG_WARN_BLOCK_CAPTURE_AUTORELEASING = YES;
				CLANG_WARN_BOOL_CONVERSION = YES;
				CLANG_WARN_COMMA = YES;
				CLANG_WARN_CONSTANT_CONVERSION = YES;
				CLANG_WARN_DEPRECATED_OBJC_IMPLEMENTATIONS = YES;
				CLANG_WARN_DIRECT_OBJC_ISA_USAGE = YES_ERROR;
				CLANG_WARN_DOCUMENTATION_COMMENTS = YES;
				CLANG_WARN_EMPTY_BODY = YES;
				CLANG_WARN_ENUM_CONVERSION = YES;
				CLANG_WARN_INFINITE_RECURSION = YES;
				CLANG_WARN_INT_CONVERSION = YES;
				CLANG_WARN_NON_LITERAL_NULL_CONVERSION = YES;
				CLANG_WARN_OBJC_IMPLICIT_RETAIN_SELF = YES;
				CLANG_WARN_OBJC_LITERAL_CONVERSION = YES;
				CLANG_WARN_OBJC_ROOT_CLASS = YES_ERROR;
				CLANG_WARN_QUOTED_INCLUDE_IN_FRAMEWORK_HEADER = YES;
				CLANG_WARN_RANGE_LOOP_ANALYSIS = YES;
				CLANG_WARN_STRICT_PROTOTYPES = YES;
				CLANG_WARN_SUSPICIOUS_MOVE = YES;
				CLANG_WARN_UNGUARDED_AVAILABILITY = YES_AGGRESSIVE;
				CLANG_WARN_UNREACHABLE_CODE = YES;
				CLANG_WARN__DUPLICATE_METHOD_MATCH = YES;
				COPY_PHASE_STRIP = NO;
				DEBUG_INFORMATION_FORMAT = "dwarf-with-dsym";
				ENABLE_NS_ASSERTIONS = NO;
				ENABLE_STRICT_OBJC_MSGSEND = YES;
				GCC_C_LANGUAGE_STANDARD = gnu11;
				GCC_NO_COMMON_BLOCKS = YES;
				GCC_WARN_64_TO_32_BIT_CONVERSION = YES;
				GCC_WARN_ABOUT_RETURN_TYPE = YES_ERROR;
				GCC_WARN_UNDECLARED_SELECTOR = YES;
				GCC_WARN_UNINITIALIZED_AUTOS = YES_AGGRESSIVE;
				GCC_WARN_UNUSED_FUNCTION = YES;
				GCC_WARN_UNUSED_VARIABLE = YES;
				IPHONEOS_DEPLOYMENT_TARGET = 16.0;
				MTL_ENABLE_DEBUG_INFO = NO;
				MTL_FAST_MATH = YES;
				SDKROOT = iphoneos;
				SWIFT_COMPILATION_MODE = wholemodule;
				SWIFT_OPTIMIZATION_LEVEL = "-O";
				VALIDATE_PRODUCT = YES;
			};
			name = Release;
		};
		D9BAF9FC28FEBA7D00FBF798 /* Debug */ = {
			isa = XCBuildConfiguration;
			baseConfigurationReference = 88883D5EDE48D2CEE0F10320 /* Pods-HalaanTask.debug.xcconfig */;
			buildSettings = {
				ASSETCATALOG_COMPILER_APPICON_NAME = AppIcon;
				ASSETCATALOG_COMPILER_GLOBAL_ACCENT_COLOR_NAME = AccentColor;
				CODE_SIGN_STYLE = Automatic;
				CURRENT_PROJECT_VERSION = 1;
				GENERATE_INFOPLIST_FILE = YES;
				INFOPLIST_FILE = HalaanTask/Info.plist;
				INFOPLIST_KEY_UIApplicationSupportsIndirectInputEvents = YES;
				INFOPLIST_KEY_UILaunchStoryboardName = LaunchScreen;
				INFOPLIST_KEY_UIMainStoryboardFile = Main;
				INFOPLIST_KEY_UISupportedInterfaceOrientations_iPad = "UIInterfaceOrientationPortrait UIInterfaceOrientationPortraitUpsideDown UIInterfaceOrientationLandscapeLeft UIInterfaceOrientationLandscapeRight";
				INFOPLIST_KEY_UISupportedInterfaceOrientations_iPhone = "UIInterfaceOrientationPortrait UIInterfaceOrientationLandscapeLeft UIInterfaceOrientationLandscapeRight";
				LD_RUNPATH_SEARCH_PATHS = (
					"$(inherited)",
					"@executable_path/Frameworks",
				);
				MARKETING_VERSION = 1.0;
				PRODUCT_BUNDLE_IDENTIFIER = Halaan.HalaanTask;
				PRODUCT_NAME = "$(TARGET_NAME)";
				SWIFT_EMIT_LOC_STRINGS = YES;
				SWIFT_VERSION = 5.0;
				TARGETED_DEVICE_FAMILY = "1,2";
			};
			name = Debug;
		};
		D9BAF9FD28FEBA7D00FBF798 /* Release */ = {
			isa = XCBuildConfiguration;
			baseConfigurationReference = EAC5F1717439463459D735CD /* Pods-HalaanTask.release.xcconfig */;
			buildSettings = {
				ASSETCATALOG_COMPILER_APPICON_NAME = AppIcon;
				ASSETCATALOG_COMPILER_GLOBAL_ACCENT_COLOR_NAME = AccentColor;
				CODE_SIGN_STYLE = Automatic;
				CURRENT_PROJECT_VERSION = 1;
				GENERATE_INFOPLIST_FILE = YES;
				INFOPLIST_FILE = HalaanTask/Info.plist;
				INFOPLIST_KEY_UIApplicationSupportsIndirectInputEvents = YES;
				INFOPLIST_KEY_UILaunchStoryboardName = LaunchScreen;
				INFOPLIST_KEY_UIMainStoryboardFile = Main;
				INFOPLIST_KEY_UISupportedInterfaceOrientations_iPad = "UIInterfaceOrientationPortrait UIInterfaceOrientationPortraitUpsideDown UIInterfaceOrientationLandscapeLeft UIInterfaceOrientationLandscapeRight";
				INFOPLIST_KEY_UISupportedInterfaceOrientations_iPhone = "UIInterfaceOrientationPortrait UIInterfaceOrientationLandscapeLeft UIInterfaceOrientationLandscapeRight";
				LD_RUNPATH_SEARCH_PATHS = (
					"$(inherited)",
					"@executable_path/Frameworks",
				);
				MARKETING_VERSION = 1.0;
				PRODUCT_BUNDLE_IDENTIFIER = Halaan.HalaanTask;
				PRODUCT_NAME = "$(TARGET_NAME)";
				SWIFT_EMIT_LOC_STRINGS = YES;
				SWIFT_VERSION = 5.0;
				TARGETED_DEVICE_FAMILY = "1,2";
			};
			name = Release;
		};
		D9BAF9FF28FEBA7D00FBF798 /* Debug */ = {
			isa = XCBuildConfiguration;
			baseConfigurationReference = 5EE21D3195E72ED2ADBD92E1 /* Pods-HalaanTaskTests.debug.xcconfig */;
			buildSettings = {
				ALWAYS_EMBED_SWIFT_STANDARD_LIBRARIES = YES;
				BUNDLE_LOADER = "$(TEST_HOST)";
				CODE_SIGN_STYLE = Automatic;
				CURRENT_PROJECT_VERSION = 1;
				GENERATE_INFOPLIST_FILE = YES;
				IPHONEOS_DEPLOYMENT_TARGET = 16.0;
				MARKETING_VERSION = 1.0;
				PRODUCT_BUNDLE_IDENTIFIER = Halaan.HalaanTaskTests;
				PRODUCT_NAME = "$(TARGET_NAME)";
				SWIFT_EMIT_LOC_STRINGS = NO;
				SWIFT_VERSION = 5.0;
				TARGETED_DEVICE_FAMILY = "1,2";
				TEST_HOST = "$(BUILT_PRODUCTS_DIR)/HalaanTask.app/$(BUNDLE_EXECUTABLE_FOLDER_PATH)/HalaanTask";
			};
			name = Debug;
		};
		D9BAFA0028FEBA7D00FBF798 /* Release */ = {
			isa = XCBuildConfiguration;
			baseConfigurationReference = 99ABA78200E3E105E655981B /* Pods-HalaanTaskTests.release.xcconfig */;
			buildSettings = {
				ALWAYS_EMBED_SWIFT_STANDARD_LIBRARIES = YES;
				BUNDLE_LOADER = "$(TEST_HOST)";
				CODE_SIGN_STYLE = Automatic;
				CURRENT_PROJECT_VERSION = 1;
				GENERATE_INFOPLIST_FILE = YES;
				IPHONEOS_DEPLOYMENT_TARGET = 16.0;
				MARKETING_VERSION = 1.0;
				PRODUCT_BUNDLE_IDENTIFIER = Halaan.HalaanTaskTests;
				PRODUCT_NAME = "$(TARGET_NAME)";
				SWIFT_EMIT_LOC_STRINGS = NO;
				SWIFT_VERSION = 5.0;
				TARGETED_DEVICE_FAMILY = "1,2";
				TEST_HOST = "$(BUILT_PRODUCTS_DIR)/HalaanTask.app/$(BUNDLE_EXECUTABLE_FOLDER_PATH)/HalaanTask";
			};
			name = Release;
		};
		D9BAFA0228FEBA7D00FBF798 /* Debug */ = {
			isa = XCBuildConfiguration;
			baseConfigurationReference = B7A358FC4421A6EB337E1664 /* Pods-HalaanTask-HalaanTaskUITests.debug.xcconfig */;
			buildSettings = {
				ALWAYS_EMBED_SWIFT_STANDARD_LIBRARIES = YES;
				CODE_SIGN_STYLE = Automatic;
				CURRENT_PROJECT_VERSION = 1;
				GENERATE_INFOPLIST_FILE = YES;
				MARKETING_VERSION = 1.0;
				PRODUCT_BUNDLE_IDENTIFIER = Halaan.HalaanTaskUITests;
				PRODUCT_NAME = "$(TARGET_NAME)";
				SWIFT_EMIT_LOC_STRINGS = NO;
				SWIFT_VERSION = 5.0;
				TARGETED_DEVICE_FAMILY = "1,2";
				TEST_TARGET_NAME = HalaanTask;
			};
			name = Debug;
		};
		D9BAFA0328FEBA7D00FBF798 /* Release */ = {
			isa = XCBuildConfiguration;
			baseConfigurationReference = 3346F4CDB63E8859FB429339 /* Pods-HalaanTask-HalaanTaskUITests.release.xcconfig */;
			buildSettings = {
				ALWAYS_EMBED_SWIFT_STANDARD_LIBRARIES = YES;
				CODE_SIGN_STYLE = Automatic;
				CURRENT_PROJECT_VERSION = 1;
				GENERATE_INFOPLIST_FILE = YES;
				MARKETING_VERSION = 1.0;
				PRODUCT_BUNDLE_IDENTIFIER = Halaan.HalaanTaskUITests;
				PRODUCT_NAME = "$(TARGET_NAME)";
				SWIFT_EMIT_LOC_STRINGS = NO;
				SWIFT_VERSION = 5.0;
				TARGETED_DEVICE_FAMILY = "1,2";
				TEST_TARGET_NAME = HalaanTask;
			};
			name = Release;
		};
/* End XCBuildConfiguration section */

/* Begin XCConfigurationList section */
		D9BAF9CC28FEBA7B00FBF798 /* Build configuration list for PBXProject "HalaanTask" */ = {
			isa = XCConfigurationList;
			buildConfigurations = (
				D9BAF9F928FEBA7D00FBF798 /* Debug */,
				D9BAF9FA28FEBA7D00FBF798 /* Release */,
			);
			defaultConfigurationIsVisible = 0;
			defaultConfigurationName = Release;
		};
		D9BAF9FB28FEBA7D00FBF798 /* Build configuration list for PBXNativeTarget "HalaanTask" */ = {
			isa = XCConfigurationList;
			buildConfigurations = (
				D9BAF9FC28FEBA7D00FBF798 /* Debug */,
				D9BAF9FD28FEBA7D00FBF798 /* Release */,
			);
			defaultConfigurationIsVisible = 0;
			defaultConfigurationName = Release;
		};
		D9BAF9FE28FEBA7D00FBF798 /* Build configuration list for PBXNativeTarget "HalaanTaskTests" */ = {
			isa = XCConfigurationList;
			buildConfigurations = (
				D9BAF9FF28FEBA7D00FBF798 /* Debug */,
				D9BAFA0028FEBA7D00FBF798 /* Release */,
			);
			defaultConfigurationIsVisible = 0;
			defaultConfigurationName = Release;
		};
		D9BAFA0128FEBA7D00FBF798 /* Build configuration list for PBXNativeTarget "HalaanTaskUITests" */ = {
			isa = XCConfigurationList;
			buildConfigurations = (
				D9BAFA0228FEBA7D00FBF798 /* Debug */,
				D9BAFA0328FEBA7D00FBF798 /* Release */,
			);
			defaultConfigurationIsVisible = 0;
			defaultConfigurationName = Release;
		};
/* End XCConfigurationList section */
	};
	rootObject = D9BAF9C928FEBA7B00FBF798 /* Project object */;
}
